
Microsoft Visual Studio Solution File, Format Version 12.00
Project("{FAE04EC0-301F-11D3-BF4B-00C04F79EFBC}") = "SaintCoinach-core", "SaintCoinach-core\SaintCoinach-core.csproj", "{DC21CA68-86E5-456D-B10B-913BF59017E7}"
EndProject
Project("{FAE04EC0-301F-11D3-BF4B-00C04F79EFBC}") = "dotsquish-core", "dotsquish-core\dotsquish-core.csproj", "{04A74E13-F461-449D-A633-C52434FD1AD8}"
EndProject
Project("{FAE04EC0-301F-11D3-BF4B-00C04F79EFBC}") = "SaintCoinach.Cmd-core", "SaintCoinach.Cmd-core\SaintCoinach.Cmd-core.csproj", "{4F1B65A0-E16F-4B69-AB99-77D7A1BD4DFB}"
EndProject
Project("{FAE04EC0-301F-11D3-BF4B-00C04F79EFBC}") = "SaintCoinach.Cmd-Xplatform", "SaintCoinach.Cmd-xplatform\SaintCoinach.Cmd-Xplatform\SaintCoinach.Cmd-Xplatform.csproj", "{40542326-02F9-4AB7-BE40-0A0EB3DF5F6B}"
EndProject
Global
	GlobalSection(SolutionConfigurationPlatforms) = preSolution
		Debug|Any CPU = Debug|Any CPU
		Release|Any CPU = Release|Any CPU
	EndGlobalSection
	GlobalSection(ProjectConfigurationPlatforms) = postSolution
		{DC21CA68-86E5-456D-B10B-913BF59017E7}.Debug|Any CPU.ActiveCfg = Debug|Any CPU
		{DC21CA68-86E5-456D-B10B-913BF59017E7}.Debug|Any CPU.Build.0 = Debug|Any CPU
		{DC21CA68-86E5-456D-B10B-913BF59017E7}.Release|Any CPU.ActiveCfg = Release|Any CPU
		{DC21CA68-86E5-456D-B10B-913BF59017E7}.Release|Any CPU.Build.0 = Release|Any CPU
		{04A74E13-F461-449D-A633-C52434FD1AD8}.Debug|Any CPU.ActiveCfg = Debug|Any CPU
		{04A74E13-F461-449D-A633-C52434FD1AD8}.Debug|Any CPU.Build.0 = Debug|Any CPU
		{04A74E13-F461-449D-A633-C52434FD1AD8}.Release|Any CPU.ActiveCfg = Release|Any CPU
		{04A74E13-F461-449D-A633-C52434FD1AD8}.Release|Any CPU.Build.0 = Release|Any CPU
		{4F1B65A0-E16F-4B69-AB99-77D7A1BD4DFB}.Debug|Any CPU.ActiveCfg = Debug|Any CPU
		{4F1B65A0-E16F-4B69-AB99-77D7A1BD4DFB}.Debug|Any CPU.Build.0 = Debug|Any CPU
		{4F1B65A0-E16F-4B69-AB99-77D7A1BD4DFB}.Release|Any CPU.ActiveCfg = Release|Any CPU
		{4F1B65A0-E16F-4B69-AB99-77D7A1BD4DFB}.Release|Any CPU.Build.0 = Release|Any CPU
		{FCFA3E3A-0AC6-4D62-8C35-6E23468F2962}.Debug|Any CPU.ActiveCfg = Debug|Any CPU
		{FCFA3E3A-0AC6-4D62-8C35-6E23468F2962}.Debug|Any CPU.Build.0 = Debug|Any CPU
		{FCFA3E3A-0AC6-4D62-8C35-6E23468F2962}.Release|Any CPU.ActiveCfg = Release|Any CPU
		{FCFA3E3A-0AC6-4D62-8C35-6E23468F2962}.Release|Any CPU.Build.0 = Release|Any CPU
		{FCE506A1-1BFE-468F-A4E7-B6DF3E3BA07E}.Debug|Any CPU.ActiveCfg = Debug|Any CPU
		{FCE506A1-1BFE-468F-A4E7-B6DF3E3BA07E}.Debug|Any CPU.Build.0 = Debug|Any CPU
		{FCE506A1-1BFE-468F-A4E7-B6DF3E3BA07E}.Release|Any CPU.ActiveCfg = Release|Any CPU
		{FCE506A1-1BFE-468F-A4E7-B6DF3E3BA07E}.Release|Any CPU.Build.0 = Release|Any CPU
		{40542326-02F9-4AB7-BE40-0A0EB3DF5F6B}.Debug|Any CPU.ActiveCfg = Debug|Any CPU
		{40542326-02F9-4AB7-BE40-0A0EB3DF5F6B}.Debug|Any CPU.Build.0 = Debug|Any CPU
		{40542326-02F9-4AB7-BE40-0A0EB3DF5F6B}.Release|Any CPU.ActiveCfg = Release|Any CPU
		{40542326-02F9-4AB7-BE40-0A0EB3DF5F6B}.Release|Any CPU.Build.0 = Release|Any CPU
	EndGlobalSection
EndGlobal
